title: Standing up for things & having friends are very related
url: https://www.youtube.com/watch?v=w10yDYqsl-U
description: "Louis Rossmann argues that pushback against local surveillance overreach (like Flock ALPR cameras) depends on having local friends willing to show up together, and that rising social isolation is quietly weakening resistance to issues like this."
type: video
tags: [surveillance, privacy, community, activism, policy]
date: 2026-08-09
added: 2026-08-09T19:44